// !$*UTF8*$!
{
	archiveVersion = 1;
	classes = {
	};
	objectVersion = 50;
	objects = {

/* Begin PBXBuildFile section */
		3E5DE5EC23EAF93900452C91 /* DeckBuilder.storyboard in Resources */ = {isa = PBXBuildFile; fileRef = 3E5DE5EB23EAF93900452C91 /* DeckBuilder.storyboard */; };
		3E5DE5EE23EAFA9100452C91 /* CardSelect.xib in Resources */ = {isa = PBXBuildFile; fileRef = 3E5DE5ED23EAFA9100452C91 /* CardSelect.xib */; };
		3E5DE5F023EB0C2E00452C91 /* CardSelectController.swift in Sources */ = {isa = PBXBuildFile; fileRef = 3E5DE5EF23EB0C2E00452C91 /* CardSelectController.swift */; };
		3E5DE5F223EC442E00452C91 /* DeckBuilderController.swift in Sources */ = {isa = PBXBuildFile; fileRef = 3E5DE5F123EC442E00452C91 /* DeckBuilderController.swift */; };
		3E5DE5F423EC457200452C91 /* DeckCollectionViewCell.swift in Sources */ = {isa = PBXBuildFile; fileRef = 3E5DE5F323EC457200452C91 /* DeckCollectionViewCell.swift */; };
		42052C6623E9939C009BDDF5 /* ExploreStoryboard.storyboard in Resources */ = {isa = PBXBuildFile; fileRef = 42052C6523E9939C009BDDF5 /* ExploreStoryboard.storyboard */; };
		42052C6823E993D2009BDDF5 /* GalleryStoryboard.storyboard in Resources */ = {isa = PBXBuildFile; fileRef = 42052C6723E993D2009BDDF5 /* GalleryStoryboard.storyboard */; };
		42052C6A23E99493009BDDF5 /* DecksStoryboard.storyboard in Resources */ = {isa = PBXBuildFile; fileRef = 42052C6923E99493009BDDF5 /* DecksStoryboard.storyboard */; };
		42052C6E23EAE831009BDDF5 /* DeckCell.swift in Sources */ = {isa = PBXBuildFile; fileRef = 42052C6D23EAE831009BDDF5 /* DeckCell.swift */; };
		42052C7023EAE83D009BDDF5 /* DeckCell.xib in Resources */ = {isa = PBXBuildFile; fileRef = 42052C6F23EAE83D009BDDF5 /* DeckCell.xib */; };
		42052C7223EAE853009BDDF5 /* Deck.swift in Sources */ = {isa = PBXBuildFile; fileRef = 42052C7123EAE853009BDDF5 /* Deck.swift */; };
		42052C7423EAE8FD009BDDF5 /* Faction.swift in Sources */ = {isa = PBXBuildFile; fileRef = 42052C7323EAE8FD009BDDF5 /* Faction.swift */; };
		42052C7623EAEF33009BDDF5 /* PlayStyle.swift in Sources */ = {isa = PBXBuildFile; fileRef = 42052C7523EAEF33009BDDF5 /* PlayStyle.swift */; };
		42052C7823EAFFDA009BDDF5 /* DecksViewController.swift in Sources */ = {isa = PBXBuildFile; fileRef = 42052C7723EAFFDA009BDDF5 /* DecksViewController.swift */; };
		E7236AF123E0D132008A1178 /* LORService.swift in Sources */ = {isa = PBXBuildFile; fileRef = E7236AF023E0D132008A1178 /* LORService.swift */; };
		E7236AF323E0D146008A1178 /* LORDAO.swift in Sources */ = {isa = PBXBuildFile; fileRef = E7236AF223E0D146008A1178 /* LORDAO.swift */; };
		E7236AF523E0D193008A1178 /* ServerError.swift in Sources */ = {isa = PBXBuildFile; fileRef = E7236AF423E0D193008A1178 /* ServerError.swift */; };
		E784251D23E861B50026A28C /* CloudKit.framework in Frameworks */ = {isa = PBXBuildFile; fileRef = E784251C23E861B50026A28C /* CloudKit.framework */; };
		E784252023EAE41D0026A28C /* Filter.swift in Sources */ = {isa = PBXBuildFile; fileRef = E784251F23EAE41D0026A28C /* Filter.swift */; };
		E784252323EAFD800026A28C /* CardDetails.storyboard in Resources */ = {isa = PBXBuildFile; fileRef = E784252223EAFD800026A28C /* CardDetails.storyboard */; };
		E784252523EB39440026A28C /* CardDetailsViewController.swift in Sources */ = {isa = PBXBuildFile; fileRef = E784252423EB39440026A28C /* CardDetailsViewController.swift */; };
		E784252723EB4E550026A28C /* CardDetailTableViewCell.swift in Sources */ = {isa = PBXBuildFile; fileRef = E784252623EB4E550026A28C /* CardDetailTableViewCell.swift */; };
		E784252923EC40B70026A28C /* CardInfos.swift in Sources */ = {isa = PBXBuildFile; fileRef = E784252823EC40B70026A28C /* CardInfos.swift */; };
		E784252F23EDA8050026A28C /* TitleCell.xib in Resources */ = {isa = PBXBuildFile; fileRef = E784252E23EDA8050026A28C /* TitleCell.xib */; };
		E784253123EDA8990026A28C /* TitleCellUIView.swift in Sources */ = {isa = PBXBuildFile; fileRef = E784253023EDA8990026A28C /* TitleCellUIView.swift */; };
		E784253323EDAEAA0026A28C /* Oswald-Regular.ttf in Resources */ = {isa = PBXBuildFile; fileRef = E784253223EDAEAA0026A28C /* Oswald-Regular.ttf */; };
		E7AE296E23E0979100EBD3A9 /* AppDelegate.swift in Sources */ = {isa = PBXBuildFile; fileRef = E7AE296D23E0979100EBD3A9 /* AppDelegate.swift */; };
		E7AE297023E0979100EBD3A9 /* SceneDelegate.swift in Sources */ = {isa = PBXBuildFile; fileRef = E7AE296F23E0979100EBD3A9 /* SceneDelegate.swift */; };
		E7AE297223E0979100EBD3A9 /* ViewController.swift in Sources */ = {isa = PBXBuildFile; fileRef = E7AE297123E0979100EBD3A9 /* ViewController.swift */; };
		E7AE297523E0979100EBD3A9 /* Main.storyboard in Resources */ = {isa = PBXBuildFile; fileRef = E7AE297323E0979100EBD3A9 /* Main.storyboard */; };
		E7AE297723E0979600EBD3A9 /* Assets.xcassets in Resources */ = {isa = PBXBuildFile; fileRef = E7AE297623E0979600EBD3A9 /* Assets.xcassets */; };
		E7AE297A23E0979600EBD3A9 /* LaunchScreen.storyboard in Resources */ = {isa = PBXBuildFile; fileRef = E7AE297823E0979600EBD3A9 /* LaunchScreen.storyboard */; };
		E7AE298723E09E6600EBD3A9 /* set1-en_us.json in Resources */ = {isa = PBXBuildFile; fileRef = E7AE298623E09E6600EBD3A9 /* set1-en_us.json */; };
		E7AE298923E09E9000EBD3A9 /* globals-en_us.json in Resources */ = {isa = PBXBuildFile; fileRef = E7AE298823E09E9000EBD3A9 /* globals-en_us.json */; };
		E7AE298B23E09EED00EBD3A9 /* Card.swift in Sources */ = {isa = PBXBuildFile; fileRef = E7AE298A23E09EED00EBD3A9 /* Card.swift */; };
/* End PBXBuildFile section */

/* Begin PBXFileReference section */
		3E5DE5EB23EAF93900452C91 /* DeckBuilder.storyboard */ = {isa = PBXFileReference; lastKnownFileType = file.storyboard; path = DeckBuilder.storyboard; sourceTree = "<group>"; };
		3E5DE5ED23EAFA9100452C91 /* CardSelect.xib */ = {isa = PBXFileReference; lastKnownFileType = file.xib; path = CardSelect.xib; sourceTree = "<group>"; };
		3E5DE5EF23EB0C2E00452C91 /* CardSelectController.swift */ = {isa = PBXFileReference; lastKnownFileType = sourcecode.swift; path = CardSelectController.swift; sourceTree = "<group>"; };
		3E5DE5F123EC442E00452C91 /* DeckBuilderController.swift */ = {isa = PBXFileReference; lastKnownFileType = sourcecode.swift; path = DeckBuilderController.swift; sourceTree = "<group>"; };
		3E5DE5F323EC457200452C91 /* DeckCollectionViewCell.swift */ = {isa = PBXFileReference; lastKnownFileType = sourcecode.swift; path = DeckCollectionViewCell.swift; sourceTree = "<group>"; };
		42052C6523E9939C009BDDF5 /* ExploreStoryboard.storyboard */ = {isa = PBXFileReference; lastKnownFileType = file.storyboard; path = ExploreStoryboard.storyboard; sourceTree = "<group>"; };
		42052C6723E993D2009BDDF5 /* GalleryStoryboard.storyboard */ = {isa = PBXFileReference; lastKnownFileType = file.storyboard; path = GalleryStoryboard.storyboard; sourceTree = "<group>"; };
		42052C6923E99493009BDDF5 /* DecksStoryboard.storyboard */ = {isa = PBXFileReference; lastKnownFileType = file.storyboard; path = DecksStoryboard.storyboard; sourceTree = "<group>"; };
		42052C6D23EAE831009BDDF5 /* DeckCell.swift */ = {isa = PBXFileReference; lastKnownFileType = sourcecode.swift; path = DeckCell.swift; sourceTree = "<group>"; };
		42052C6F23EAE83D009BDDF5 /* DeckCell.xib */ = {isa = PBXFileReference; lastKnownFileType = file.xib; path = DeckCell.xib; sourceTree = "<group>"; };
		42052C7123EAE853009BDDF5 /* Deck.swift */ = {isa = PBXFileReference; lastKnownFileType = sourcecode.swift; path = Deck.swift; sourceTree = "<group>"; };
		42052C7323EAE8FD009BDDF5 /* Faction.swift */ = {isa = PBXFileReference; lastKnownFileType = sourcecode.swift; path = Faction.swift; sourceTree = "<group>"; };
		42052C7523EAEF33009BDDF5 /* PlayStyle.swift */ = {isa = PBXFileReference; lastKnownFileType = sourcecode.swift; path = PlayStyle.swift; sourceTree = "<group>"; };
		42052C7723EAFFDA009BDDF5 /* DecksViewController.swift */ = {isa = PBXFileReference; lastKnownFileType = sourcecode.swift; path = DecksViewController.swift; sourceTree = "<group>"; };
		E7236AF023E0D132008A1178 /* LORService.swift */ = {isa = PBXFileReference; lastKnownFileType = sourcecode.swift; path = LORService.swift; sourceTree = "<group>"; };
		E7236AF223E0D146008A1178 /* LORDAO.swift */ = {isa = PBXFileReference; lastKnownFileType = sourcecode.swift; path = LORDAO.swift; sourceTree = "<group>"; };
		E7236AF423E0D193008A1178 /* ServerError.swift */ = {isa = PBXFileReference; lastKnownFileType = sourcecode.swift; path = ServerError.swift; sourceTree = "<group>"; };
		E784251A23E861B00026A28C /* LOfRuneterraBuilds.entitlements */ = {isa = PBXFileReference; lastKnownFileType = text.plist.entitlements; path = LOfRuneterraBuilds.entitlements; sourceTree = "<group>"; };
		E784251C23E861B50026A28C /* CloudKit.framework */ = {isa = PBXFileReference; lastKnownFileType = wrapper.framework; name = CloudKit.framework; path = System/Library/Frameworks/CloudKit.framework; sourceTree = SDKROOT; };
		E784251F23EAE41D0026A28C /* Filter.swift */ = {isa = PBXFileReference; lastKnownFileType = sourcecode.swift; path = Filter.swift; sourceTree = "<group>"; };
		E784252223EAFD800026A28C /* CardDetails.storyboard */ = {isa = PBXFileReference; lastKnownFileType = file.storyboard; path = CardDetails.storyboard; sourceTree = "<group>"; };
		E784252423EB39440026A28C /* CardDetailsViewController.swift */ = {isa = PBXFileReference; lastKnownFileType = sourcecode.swift; path = CardDetailsViewController.swift; sourceTree = "<group>"; };
		E784252623EB4E550026A28C /* CardDetailTableViewCell.swift */ = {isa = PBXFileReference; lastKnownFileType = sourcecode.swift; path = CardDetailTableViewCell.swift; sourceTree = "<group>"; };
		E784252823EC40B70026A28C /* CardInfos.swift */ = {isa = PBXFileReference; lastKnownFileType = sourcecode.swift; path = CardInfos.swift; sourceTree = "<group>"; };
		E784252E23EDA8050026A28C /* TitleCell.xib */ = {isa = PBXFileReference; lastKnownFileType = file.xib; path = TitleCell.xib; sourceTree = "<group>"; };
		E784253023EDA8990026A28C /* TitleCellUIView.swift */ = {isa = PBXFileReference; lastKnownFileType = sourcecode.swift; path = TitleCellUIView.swift; sourceTree = "<group>"; };
		E784253223EDAEAA0026A28C /* Oswald-Regular.ttf */ = {isa = PBXFileReference; lastKnownFileType = file; path = "Oswald-Regular.ttf"; sourceTree = "<group>"; };
		E7AE296A23E0979100EBD3A9 /* LOfRuneterraBuilds.app */ = {isa = PBXFileReference; explicitFileType = wrapper.application; includeInIndex = 0; path = LOfRuneterraBuilds.app; sourceTree = BUILT_PRODUCTS_DIR; };
		E7AE296D23E0979100EBD3A9 /* AppDelegate.swift */ = {isa = PBXFileReference; lastKnownFileType = sourcecode.swift; path = AppDelegate.swift; sourceTree = "<group>"; };
		E7AE296F23E0979100EBD3A9 /* SceneDelegate.swift */ = {isa = PBXFileReference; lastKnownFileType = sourcecode.swift; path = SceneDelegate.swift; sourceTree = "<group>"; };
		E7AE297123E0979100EBD3A9 /* ViewController.swift */ = {isa = PBXFileReference; lastKnownFileType = sourcecode.swift; path = ViewController.swift; sourceTree = "<group>"; };
		E7AE297423E0979100EBD3A9 /* Base */ = {isa = PBXFileReference; lastKnownFileType = file.storyboard; name = Base; path = Base.lproj/Main.storyboard; sourceTree = "<group>"; };
		E7AE297623E0979600EBD3A9 /* Assets.xcassets */ = {isa = PBXFileReference; lastKnownFileType = folder.assetcatalog; path = Assets.xcassets; sourceTree = "<group>"; };
		E7AE297923E0979600EBD3A9 /* Base */ = {isa = PBXFileReference; lastKnownFileType = file.storyboard; name = Base; path = Base.lproj/LaunchScreen.storyboard; sourceTree = "<group>"; };
		E7AE297B23E0979600EBD3A9 /* Info.plist */ = {isa = PBXFileReference; lastKnownFileType = text.plist.xml; path = Info.plist; sourceTree = "<group>"; };
		E7AE298623E09E6600EBD3A9 /* set1-en_us.json */ = {isa = PBXFileReference; fileEncoding = 4; lastKnownFileType = text.json; path = "set1-en_us.json"; sourceTree = "<group>"; };
		E7AE298823E09E9000EBD3A9 /* globals-en_us.json */ = {isa = PBXFileReference; fileEncoding = 4; lastKnownFileType = text.json; path = "globals-en_us.json"; sourceTree = "<group>"; };
		E7AE298A23E09EED00EBD3A9 /* Card.swift */ = {isa = PBXFileReference; lastKnownFileType = sourcecode.swift; path = Card.swift; sourceTree = "<group>"; };
/* End PBXFileReference section */

/* Begin PBXFrameworksBuildPhase section */
		E7AE296723E0979100EBD3A9 /* Frameworks */ = {
			isa = PBXFrameworksBuildPhase;
			buildActionMask = 2147483647;
			files = (
				E784251D23E861B50026A28C /* CloudKit.framework in Frameworks */,
			);
			runOnlyForDeploymentPostprocessing = 0;
		};
/* End PBXFrameworksBuildPhase section */

/* Begin PBXGroup section */
		42052C6123E99288009BDDF5 /* Modules */ = {
			isa = PBXGroup;
			children = (
				E784252D23EDA7C50026A28C /* CustomViews */,
				42052C6423E992BB009BDDF5 /* Explore */,
				42052C6323E992AF009BDDF5 /* Gallery */,
				42052C6223E992A4009BDDF5 /* Decks */,
				E784252123EAFD6E0026A28C /* DeckBuilder */,
				E784252A23EC7E140026A28C /* CardDetails */,
			);
			path = Modules;
			sourceTree = "<group>";
		};
		42052C6223E992A4009BDDF5 /* Decks */ = {
			isa = PBXGroup;
			children = (
				42052C6B23EAE713009BDDF5 /* View */,
				42052C6923E99493009BDDF5 /* DecksStoryboard.storyboard */,
				42052C7723EAFFDA009BDDF5 /* DecksViewController.swift */,
			);
			path = Decks;
			sourceTree = "<group>";
		};
		42052C6323E992AF009BDDF5 /* Gallery */ = {
			isa = PBXGroup;
			children = (
				42052C6723E993D2009BDDF5 /* GalleryStoryboard.storyboard */,
			);
			path = Gallery;
			sourceTree = "<group>";
		};
		42052C6423E992BB009BDDF5 /* Explore */ = {
			isa = PBXGroup;
			children = (
				42052C6523E9939C009BDDF5 /* ExploreStoryboard.storyboard */,
			);
			path = Explore;
			sourceTree = "<group>";
		};
		42052C6B23EAE713009BDDF5 /* View */ = {
			isa = PBXGroup;
			children = (
				42052C6C23EAE75A009BDDF5 /* DeckCell */,
			);
			path = View;
			sourceTree = "<group>";
		};
		42052C6C23EAE75A009BDDF5 /* DeckCell */ = {
			isa = PBXGroup;
			children = (
				42052C6D23EAE831009BDDF5 /* DeckCell.swift */,
				42052C6F23EAE83D009BDDF5 /* DeckCell.xib */,
			);
			path = DeckCell;
			sourceTree = "<group>";
		};
		E7236AEF23E0D117008A1178 /* Business */ = {
			isa = PBXGroup;
			children = (
				E7236AF023E0D132008A1178 /* LORService.swift */,
				E7236AF223E0D146008A1178 /* LORDAO.swift */,
			);
			path = Business;
			sourceTree = "<group>";
		};
		E784251B23E861B50026A28C /* Frameworks */ = {
			isa = PBXGroup;
			children = (
				E784251C23E861B50026A28C /* CloudKit.framework */,
			);
			name = Frameworks;
			sourceTree = "<group>";
		};
		E784252123EAFD6E0026A28C /* DeckBuilder */ = {
			isa = PBXGroup;
			children = (
				3E5DE5ED23EAFA9100452C91 /* CardSelect.xib */,
				3E5DE5EF23EB0C2E00452C91 /* CardSelectController.swift */,
				3E5DE5F323EC457200452C91 /* DeckCollectionViewCell.swift */,
				3E5DE5EB23EAF93900452C91 /* DeckBuilder.storyboard */,
				3E5DE5F123EC442E00452C91 /* DeckBuilderController.swift */,
			);
			path = DeckBuilder;
			sourceTree = "<group>";
		};
		E784252A23EC7E140026A28C /* CardDetails */ = {
			isa = PBXGroup;
			children = (
				E784252223EAFD800026A28C /* CardDetails.storyboard */,
				E784252423EB39440026A28C /* CardDetailsViewController.swift */,
				E784252623EB4E550026A28C /* CardDetailTableViewCell.swift */,
			);
			path = CardDetails;
			sourceTree = "<group>";
		};
		E784252D23EDA7C50026A28C /* CustomViews */ = {
			isa = PBXGroup;
			children = (
				E784252E23EDA8050026A28C /* TitleCell.xib */,
				E784253023EDA8990026A28C /* TitleCellUIView.swift */,
			);
			path = CustomViews;
			sourceTree = "<group>";
		};
		E784253423EDAEDE0026A28C /* fonts */ = {
			isa = PBXGroup;
			children = (
				E784253223EDAEAA0026A28C /* Oswald-Regular.ttf */,
			);
			path = fonts;
			sourceTree = "<group>";
		};
		E7AE296123E0979100EBD3A9 = {
			isa = PBXGroup;
			children = (
				E7AE296C23E0979100EBD3A9 /* LOfRuneterraBuilds */,
				E7AE296B23E0979100EBD3A9 /* Products */,
				E784251B23E861B50026A28C /* Frameworks */,
			);
			sourceTree = "<group>";
		};
		E7AE296B23E0979100EBD3A9 /* Products */ = {
			isa = PBXGroup;
			children = (
				E7AE296A23E0979100EBD3A9 /* LOfRuneterraBuilds.app */,
			);
			name = Products;
			sourceTree = "<group>";
		};
		E7AE296C23E0979100EBD3A9 /* LOfRuneterraBuilds */ = {
			isa = PBXGroup;
			children = (
				42052C6123E99288009BDDF5 /* Modules */,
				E784251A23E861B00026A28C /* LOfRuneterraBuilds.entitlements */,
				E7236AEF23E0D117008A1178 /* Business */,
				E7AE298523E09B3900EBD3A9 /* Controllers */,
				E7AE298423E09B2500EBD3A9 /* Storyboards */,
				E7AE298323E09B1B00EBD3A9 /* Resources */,
				E7AE298223E09B1300EBD3A9 /* Models */,
				E7AE298123E09B0F00EBD3A9 /* Extensions */,
				E7AE297B23E0979600EBD3A9 /* Info.plist */,
			);
			path = LOfRuneterraBuilds;
			sourceTree = "<group>";
		};
		E7AE298123E09B0F00EBD3A9 /* Extensions */ = {
			isa = PBXGroup;
			children = (
				E7236AF423E0D193008A1178 /* ServerError.swift */,
			);
			path = Extensions;
			sourceTree = "<group>";
		};
		E7AE298223E09B1300EBD3A9 /* Models */ = {
			isa = PBXGroup;
			children = (
				E7AE298A23E09EED00EBD3A9 /* Card.swift */,
				42052C7123EAE853009BDDF5 /* Deck.swift */,
				42052C7323EAE8FD009BDDF5 /* Faction.swift */,
				42052C7523EAEF33009BDDF5 /* PlayStyle.swift */,
				E784251F23EAE41D0026A28C /* Filter.swift */,
				E784252823EC40B70026A28C /* CardInfos.swift */,
			);
			path = Models;
			sourceTree = "<group>";
		};
		E7AE298323E09B1B00EBD3A9 /* Resources */ = {
			isa = PBXGroup;
			children = (
				E784253423EDAEDE0026A28C /* fonts */,
				E7AE298823E09E9000EBD3A9 /* globals-en_us.json */,
				E7AE298623E09E6600EBD3A9 /* set1-en_us.json */,
				E7AE296F23E0979100EBD3A9 /* SceneDelegate.swift */,
				E7AE296D23E0979100EBD3A9 /* AppDelegate.swift */,
				E7AE297623E0979600EBD3A9 /* Assets.xcassets */,
			);
			path = Resources;
			sourceTree = "<group>";
		};
		E7AE298423E09B2500EBD3A9 /* Storyboards */ = {
			isa = PBXGroup;
			children = (
				E7AE297323E0979100EBD3A9 /* Main.storyboard */,
				E7AE297823E0979600EBD3A9 /* LaunchScreen.storyboard */,
			);
			path = Storyboards;
			sourceTree = "<group>";
		};
		E7AE298523E09B3900EBD3A9 /* Controllers */ = {
			isa = PBXGroup;
			children = (
				E7AE297123E0979100EBD3A9 /* ViewController.swift */,
			);
			path = Controllers;
			sourceTree = "<group>";
		};
/* End PBXGroup section */

/* Begin PBXNativeTarget section */
		E7AE296923E0979100EBD3A9 /* LOfRuneterraBuilds */ = {
			isa = PBXNativeTarget;
			buildConfigurationList = E7AE297E23E0979600EBD3A9 /* Build configuration list for PBXNativeTarget "LOfRuneterraBuilds" */;
			buildPhases = (
				E7AE296623E0979100EBD3A9 /* Sources */,
				E7AE296723E0979100EBD3A9 /* Frameworks */,
				E7AE296823E0979100EBD3A9 /* Resources */,
			);
			buildRules = (
			);
			dependencies = (
			);
			name = LOfRuneterraBuilds;
			productName = LOfRuneterraBuilds;
			productReference = E7AE296A23E0979100EBD3A9 /* LOfRuneterraBuilds.app */;
			productType = "com.apple.product-type.application";
		};
/* End PBXNativeTarget section */

/* Begin PBXProject section */
		E7AE296223E0979100EBD3A9 /* Project object */ = {
			isa = PBXProject;
			attributes = {
				LastSwiftUpdateCheck = 1120;
				LastUpgradeCheck = 1120;
				ORGANIZATIONNAME = "Júlio John Tavares Ramos";
				TargetAttributes = {
					E7AE296923E0979100EBD3A9 = {
						CreatedOnToolsVersion = 11.2.1;
					};
				};
			};
			buildConfigurationList = E7AE296523E0979100EBD3A9 /* Build configuration list for PBXProject "LOfRuneterraBuilds" */;
			compatibilityVersion = "Xcode 9.3";
			developmentRegion = en;
			hasScannedForEncodings = 0;
			knownRegions = (
				en,
				Base,
			);
			mainGroup = E7AE296123E0979100EBD3A9;
			productRefGroup = E7AE296B23E0979100EBD3A9 /* Products */;
			projectDirPath = "";
			projectRoot = "";
			targets = (
				E7AE296923E0979100EBD3A9 /* LOfRuneterraBuilds */,
			);
		};
/* End PBXProject section */

/* Begin PBXResourcesBuildPhase section */
		E7AE296823E0979100EBD3A9 /* Resources */ = {
			isa = PBXResourcesBuildPhase;
			buildActionMask = 2147483647;
			files = (
				E7AE297A23E0979600EBD3A9 /* LaunchScreen.storyboard in Resources */,
				3E5DE5EE23EAFA9100452C91 /* CardSelect.xib in Resources */,
				E7AE297723E0979600EBD3A9 /* Assets.xcassets in Resources */,
				E784253323EDAEAA0026A28C /* Oswald-Regular.ttf in Resources */,
				E7AE298923E09E9000EBD3A9 /* globals-en_us.json in Resources */,
				E7AE297523E0979100EBD3A9 /* Main.storyboard in Resources */,
				E784252323EAFD800026A28C /* CardDetails.storyboard in Resources */,
				42052C6A23E99493009BDDF5 /* DecksStoryboard.storyboard in Resources */,
				3E5DE5EC23EAF93900452C91 /* DeckBuilder.storyboard in Resources */,
				E7AE298723E09E6600EBD3A9 /* set1-en_us.json in Resources */,
				E784252F23EDA8050026A28C /* TitleCell.xib in Resources */,
				42052C7023EAE83D009BDDF5 /* DeckCell.xib in Resources */,
				42052C6823E993D2009BDDF5 /* GalleryStoryboard.storyboard in Resources */,
				42052C6623E9939C009BDDF5 /* ExploreStoryboard.storyboard in Resources */,
			);
			runOnlyForDeploymentPostprocessing = 0;
		};
/* End PBXResourcesBuildPhase section */

/* Begin PBXSourcesBuildPhase section */
		E7AE296623E0979100EBD3A9 /* Sources */ = {
			isa = PBXSourcesBuildPhase;
			buildActionMask = 2147483647;
			files = (
				42052C7423EAE8FD009BDDF5 /* Faction.swift in Sources */,
				42052C7223EAE853009BDDF5 /* Deck.swift in Sources */,
				42052C7623EAEF33009BDDF5 /* PlayStyle.swift in Sources */,
				42052C6E23EAE831009BDDF5 /* DeckCell.swift in Sources */,
				E7236AF123E0D132008A1178 /* LORService.swift in Sources */,
				42052C7823EAFFDA009BDDF5 /* DecksViewController.swift in Sources */,
				E784252523EB39440026A28C /* CardDetailsViewController.swift in Sources */,
				3E5DE5F423EC457200452C91 /* DeckCollectionViewCell.swift in Sources */,
				E7AE297223E0979100EBD3A9 /* ViewController.swift in Sources */,
				E7236AF323E0D146008A1178 /* LORDAO.swift in Sources */,
				3E5DE5F023EB0C2E00452C91 /* CardSelectController.swift in Sources */,
				E784253123EDA8990026A28C /* TitleCellUIView.swift in Sources */,
				E7AE296E23E0979100EBD3A9 /* AppDelegate.swift in Sources */,
				3E5DE5F223EC442E00452C91 /* DeckBuilderController.swift in Sources */,
				E7AE297023E0979100EBD3A9 /* SceneDelegate.swift in Sources */,
				E784252023EAE41D0026A28C /* Filter.swift in Sources */,
				E784252923EC40B70026A28C /* CardInfos.swift in Sources */,
				E7AE298B23E09EED00EBD3A9 /* Card.swift in Sources */,
				E784252723EB4E550026A28C /* CardDetailTableViewCell.swift in Sources */,
				E7236AF523E0D193008A1178 /* ServerError.swift in Sources */,
			);
			runOnlyForDeploymentPostprocessing = 0;
		};
/* End PBXSourcesBuildPhase section */

/* Begin PBXVariantGroup section */
		E7AE297323E0979100EBD3A9 /* Main.storyboard */ = {
			isa = PBXVariantGroup;
			children = (
				E7AE297423E0979100EBD3A9 /* Base */,
			);
			name = Main.storyboard;
			sourceTree = "<group>";
		};
		E7AE297823E0979600EBD3A9 /* LaunchScreen.storyboard */ = {
			isa = PBXVariantGroup;
			children = (
				E7AE297923E0979600EBD3A9 /* Base */,
			);
			name = LaunchScreen.storyboard;
			sourceTree = "<group>";
		};
/* End PBXVariantGroup section */

/* Begin XCBuildConfiguration section */
		E7AE297C23E0979600EBD3A9 /* Debug */ = {
			isa = XCBuildConfiguration;
			buildSettings = {
				ALWAYS_SEARCH_USER_PATHS = NO;
				CLANG_ANALYZER_NONNULL = YES;
				CLANG_ANALYZER_NUMBER_OBJECT_CONVERSION = YES_AGGRESSIVE;
				CLANG_CXX_LANGUAGE_STANDARD = "gnu++14";
				CLANG_CXX_LIBRARY = "libc++";
				CLANG_ENABLE_MODULES = YES;
				CLANG_ENABLE_OBJC_ARC = YES;
				CLANG_ENABLE_OBJC_WEAK = YES;
				CLANG_WARN_BLOCK_CAPTURE_AUTORELEASING = YES;
				CLANG_WARN_BOOL_CONVERSION = YES;
				CLANG_WARN_COMMA = YES;
				CLANG_WARN_CONSTANT_CONVERSION = YES;
				CLANG_WARN_DEPRECATED_OBJC_IMPLEMENTATIONS = YES;
				CLANG_WARN_DIRECT_OBJC_ISA_USAGE = YES_ERROR;
				CLANG_WARN_DOCUMENTATION_COMMENTS = YES;
				CLANG_WARN_EMPTY_BODY = YES;
				CLANG_WARN_ENUM_CONVERSION = YES;
				CLANG_WARN_INFINITE_RECURSION = YES;
				CLANG_WARN_INT_CONVERSION = YES;
				CLANG_WARN_NON_LITERAL_NULL_CONVERSION = YES;
				CLANG_WARN_OBJC_IMPLICIT_RETAIN_SELF = YES;
				CLANG_WARN_OBJC_LITERAL_CONVERSION = YES;
				CLANG_WARN_OBJC_ROOT_CLASS = YES_ERROR;
				CLANG_WARN_RANGE_LOOP_ANALYSIS = YES;
				CLANG_WARN_STRICT_PROTOTYPES = YES;
				CLANG_WARN_SUSPICIOUS_MOVE = YES;
				CLANG_WARN_UNGUARDED_AVAILABILITY = YES_AGGRESSIVE;
				CLANG_WARN_UNREACHABLE_CODE = YES;
				CLANG_WARN__DUPLICATE_METHOD_MATCH = YES;
				COPY_PHASE_STRIP = NO;
				DEBUG_INFORMATION_FORMAT = dwarf;
				ENABLE_STRICT_OBJC_MSGSEND = YES;
				ENABLE_TESTABILITY = YES;
				GCC_C_LANGUAGE_STANDARD = gnu11;
				GCC_DYNAMIC_NO_PIC = NO;
				GCC_NO_COMMON_BLOCKS = YES;
				GCC_OPTIMIZATION_LEVEL = 0;
				GCC_PREPROCESSOR_DEFINITIONS = (
					"DEBUG=1",
					"$(inherited)",
				);
				GCC_WARN_64_TO_32_BIT_CONVERSION = YES;
				GCC_WARN_ABOUT_RETURN_TYPE = YES_ERROR;
				GCC_WARN_UNDECLARED_SELECTOR = YES;
				GCC_WARN_UNINITIALIZED_AUTOS = YES_AGGRESSIVE;
				GCC_WARN_UNUSED_FUNCTION = YES;
				GCC_WARN_UNUSED_VARIABLE = YES;
				IPHONEOS_DEPLOYMENT_TARGET = 13.2;
				MTL_ENABLE_DEBUG_INFO = INCLUDE_SOURCE;
				MTL_FAST_MATH = YES;
				ONLY_ACTIVE_ARCH = YES;
				SDKROOT = iphoneos;
				SWIFT_ACTIVE_COMPILATION_CONDITIONS = DEBUG;
				SWIFT_OPTIMIZATION_LEVEL = "-Onone";
			};
			name = Debug;
		};
		E7AE297D23E0979600EBD3A9 /* Release */ = {
			isa = XCBuildConfiguration;
			buildSettings = {
				ALWAYS_SEARCH_USER_PATHS = NO;
				CLANG_ANALYZER_NONNULL = YES;
				CLANG_ANALYZER_NUMBER_OBJECT_CONVERSION = YES_AGGRESSIVE;
				CLANG_CXX_LANGUAGE_STANDARD = "gnu++14";
				CLANG_CXX_LIBRARY = "libc++";
				CLANG_ENABLE_MODULES = YES;
				CLANG_ENABLE_OBJC_ARC = YES;
				CLANG_ENABLE_OBJC_WEAK = YES;
				CLANG_WARN_BLOCK_CAPTURE_AUTORELEASING = YES;
				CLANG_WARN_BOOL_CONVERSION = YES;
				CLANG_WARN_COMMA = YES;
				CLANG_WARN_CONSTANT_CONVERSION = YES;
				CLANG_WARN_DEPRECATED_OBJC_IMPLEMENTATIONS = YES;
				CLANG_WARN_DIRECT_OBJC_ISA_USAGE = YES_ERROR;
				CLANG_WARN_DOCUMENTATION_COMMENTS = YES;
				CLANG_WARN_EMPTY_BODY = YES;
				CLANG_WARN_ENUM_CONVERSION = YES;
				CLANG_WARN_INFINITE_RECURSION = YES;
				CLANG_WARN_INT_CONVERSION = YES;
				CLANG_WARN_NON_LITERAL_NULL_CONVERSION = YES;
				CLANG_WARN_OBJC_IMPLICIT_RETAIN_SELF = YES;
				CLANG_WARN_OBJC_LITERAL_CONVERSION = YES;
				CLANG_WARN_OBJC_ROOT_CLASS = YES_ERROR;
				CLANG_WARN_RANGE_LOOP_ANALYSIS = YES;
				CLANG_WARN_STRICT_PROTOTYPES = YES;
				CLANG_WARN_SUSPICIOUS_MOVE = YES;
				CLANG_WARN_UNGUARDED_AVAILABILITY = YES_AGGRESSIVE;
				CLANG_WARN_UNREACHABLE_CODE = YES;
				CLANG_WARN__DUPLICATE_METHOD_MATCH = YES;
				COPY_PHASE_STRIP = NO;
				DEBUG_INFORMATION_FORMAT = "dwarf-with-dsym";
				ENABLE_NS_ASSERTIONS = NO;
				ENABLE_STRICT_OBJC_MSGSEND = YES;
				GCC_C_LANGUAGE_STANDARD = gnu11;
				GCC_NO_COMMON_BLOCKS = YES;
				GCC_WARN_64_TO_32_BIT_CONVERSION = YES;
				GCC_WARN_ABOUT_RETURN_TYPE = YES_ERROR;
				GCC_WARN_UNDECLARED_SELECTOR = YES;
				GCC_WARN_UNINITIALIZED_AUTOS = YES_AGGRESSIVE;
				GCC_WARN_UNUSED_FUNCTION = YES;
				GCC_WARN_UNUSED_VARIABLE = YES;
				IPHONEOS_DEPLOYMENT_TARGET = 13.2;
				MTL_ENABLE_DEBUG_INFO = NO;
				MTL_FAST_MATH = YES;
				SDKROOT = iphoneos;
				SWIFT_COMPILATION_MODE = wholemodule;
				SWIFT_OPTIMIZATION_LEVEL = "-O";
				VALIDATE_PRODUCT = YES;
			};
			name = Release;
		};
		E7AE297F23E0979600EBD3A9 /* Debug */ = {
			isa = XCBuildConfiguration;
			buildSettings = {
				ASSETCATALOG_COMPILER_APPICON_NAME = AppIcon;
				CODE_SIGN_ENTITLEMENTS = LOfRuneterraBuilds/LOfRuneterraBuilds.entitlements;
				CODE_SIGN_STYLE = Automatic;
				DEVELOPMENT_TEAM = 97PTJ72QJZ;
				INFOPLIST_FILE = LOfRuneterraBuilds/Info.plist;
				LD_RUNPATH_SEARCH_PATHS = (
					"$(inherited)",
					"@executable_path/Frameworks",
				);
				PRODUCT_BUNDLE_IDENTIFIER = juliojohn.LOfRuneterraBuilds;
				PRODUCT_NAME = "$(TARGET_NAME)";
				SWIFT_VERSION = 5.0;
				TARGETED_DEVICE_FAMILY = "1,2";
			};
			name = Debug;
		};
		E7AE298023E0979600EBD3A9 /* Release */ = {
			isa = XCBuildConfiguration;
			buildSettings = {
				ASSETCATALOG_COMPILER_APPICON_NAME = AppIcon;
				CODE_SIGN_ENTITLEMENTS = LOfRuneterraBuilds/LOfRuneterraBuilds.entitlements;
				CODE_SIGN_STYLE = Automatic;
				DEVELOPMENT_TEAM = 97PTJ72QJZ;
				INFOPLIST_FILE = LOfRuneterraBuilds/Info.plist;
				LD_RUNPATH_SEARCH_PATHS = (
					"$(inherited)",
					"@executable_path/Frameworks",
				);
				PRODUCT_BUNDLE_IDENTIFIER = juliojohn.LOfRuneterraBuilds;
				PRODUCT_NAME = "$(TARGET_NAME)";
				SWIFT_VERSION = 5.0;
				TARGETED_DEVICE_FAMILY = "1,2";
			};
			name = Release;
		};
/* End XCBuildConfiguration section */

/* Begin XCConfigurationList section */
		E7AE296523E0979100EBD3A9 /* Build configuration list for PBXProject "LOfRuneterraBuilds" */ = {
			isa = XCConfigurationList;
			buildConfigurations = (
				E7AE297C23E0979600EBD3A9 /* Debug */,
				E7AE297D23E0979600EBD3A9 /* Release */,
			);
			defaultConfigurationIsVisible = 0;
			defaultConfigurationName = Release;
		};
		E7AE297E23E0979600EBD3A9 /* Build configuration list for PBXNativeTarget "LOfRuneterraBuilds" */ = {
			isa = XCConfigurationList;
			buildConfigurations = (
				E7AE297F23E0979600EBD3A9 /* Debug */,
				E7AE298023E0979600EBD3A9 /* Release */,
			);
			defaultConfigurationIsVisible = 0;
			defaultConfigurationName = Release;
		};
/* End XCConfigurationList section */
	};
	rootObject = E7AE296223E0979100EBD3A9 /* Project object */;
}
